
Microsoft Visual Studio Solution File, Format Version 12.00
# Visual Studio Version 16
VisualStudioVersion = 25.0.1706.8
MinimumVisualStudioVersion = 10.0.40219.1
Project("{FAE04EC0-301F-11D3-BF4B-00C04F79EFBC}") = "MY_WALLET", "MY_WALLET\MY_WALLET.csproj", "{ABACDDA1-5643-4E69-B15C-F32447D6A506}"
EndProject
Global
	GlobalSection(SolutionConfigurationPlatforms) = preSolution
		Debug|Any CPU = Debug|Any CPU
		Release|Any CPU = Release|Any CPU
	EndGlobalSection
	GlobalSection(ProjectConfigurationPlatforms) = postSolution
		{ABACDDA1-5643-4E69-B15C-F32447D6A506}.Debug|Any CPU.ActiveCfg = Debug|Any CPU
		{ABACDDA1-5643-4E69-B15C-F32447D6A506}.Debug|Any CPU.Build.0 = Debug|Any CPU
		{ABACDDA1-5643-4E69-B15C-F32447D6A506}.Release|Any CPU.ActiveCfg = Release|Any CPU
		{ABACDDA1-5643-4E69-B15C-F32447D6A506}.Release|Any CPU.Build.0 = Release|Any CPU
	EndGlobalSection
	GlobalSection(SolutionProperties) = preSolution
		HideSolutionNode = FALSE
	EndGlobalSection
	GlobalSection(ExtensibilityGlobals) = postSolution
		SolutionGuid = {925E3F96-3CCF-4EEF-AB4E-8518E7FA6A6A}
	EndGlobalSection
EndGlobal
